// !$*UTF8*$!
{
	archiveVersion = 1;
	classes = {
	};
	objectVersion = 50;
	objects = {

/* Begin PBXBuildFile section */
		62F470EF21B87FC4002D73D0 /* AppDelegate.swift in Sources */ = {isa = PBXBuildFile; fileRef = 62F470EE21B87FC4002D73D0 /* AppDelegate.swift */; };
		62F470F121B87FC4002D73D0 /* ViewController.swift in Sources */ = {isa = PBXBuildFile; fileRef = 62F470F021B87FC4002D73D0 /* ViewController.swift */; };
		62F470F621B87FC4002D73D0 /* Assets.xcassets in Resources */ = {isa = PBXBuildFile; fileRef = 62F470F521B87FC4002D73D0 /* Assets.xcassets */; };
		62F470F921B87FC4002D73D0 /* LaunchScreen.storyboard in Resources */ = {isa = PBXBuildFile; fileRef = 62F470F721B87FC4002D73D0 /* LaunchScreen.storyboard */; };
		C92C2973D24C9973E2A6D33C /* Pods_hybrid_ios.framework in Frameworks */ = {isa = PBXBuildFile; fileRef = 6DDEA713FF59C111BE36CC06 /* Pods_hybrid_ios.framework */; };
/* End PBXBuildFile section */

/* Begin PBXFileReference section */
		5DD00D6C8F815B711B8B2AE0 /* Pods-hybrid-ios.release.xcconfig */ = {isa = PBXFileReference; includeInIndex = 1; lastKnownFileType = text.xcconfig; name = "Pods-hybrid-ios.release.xcconfig"; path = "Target Support Files/Pods-hybrid-ios/Pods-hybrid-ios.release.xcconfig"; sourceTree = "<group>"; };
		62F470EB21B87FC4002D73D0 /* hybrid-ios.app */ = {isa = PBXFileReference; explicitFileType = wrapper.application; includeInIndex = 0; path = "hybrid-ios.app"; sourceTree = BUILT_PRODUCTS_DIR; };
		62F470EE21B87FC4002D73D0 /* AppDelegate.swift */ = {isa = PBXFileReference; lastKnownFileType = sourcecode.swift; path = AppDelegate.swift; sourceTree = "<group>"; };
		62F470F021B87FC4002D73D0 /* ViewController.swift */ = {isa = PBXFileReference; lastKnownFileType = sourcecode.swift; path = ViewController.swift; sourceTree = "<group>"; };
		62F470F521B87FC4002D73D0 /* Assets.xcassets */ = {isa = PBXFileReference; lastKnownFileType = folder.assetcatalog; path = Assets.xcassets; sourceTree = "<group>"; };
		62F470F821B87FC4002D73D0 /* Base */ = {isa = PBXFileReference; lastKnownFileType = file.storyboard; name = Base; path = Base.lproj/LaunchScreen.storyboard; sourceTree = "<group>"; };
		62F470FA21B87FC4002D73D0 /* Info.plist */ = {isa = PBXFileReference; lastKnownFileType = text.plist.xml; path = Info.plist; sourceTree = "<group>"; };
		6DDEA713FF59C111BE36CC06 /* Pods_hybrid_ios.framework */ = {isa = PBXFileReference; explicitFileType = wrapper.framework; includeInIndex = 0; path = Pods_hybrid_ios.framework; sourceTree = BUILT_PRODUCTS_DIR; };
		AE7E219098C61FA358360518 /* Pods-hybrid-ios.debug.xcconfig */ = {isa = PBXFileReference; includeInIndex = 1; lastKnownFileType = text.xcconfig; name = "Pods-hybrid-ios.debug.xcconfig"; path = "Target Support Files/Pods-hybrid-ios/Pods-hybrid-ios.debug.xcconfig"; sourceTree = "<group>"; };
/* End PBXFileReference section */

/* Begin PBXFrameworksBuildPhase section */
		62F470E821B87FC4002D73D0 /* Frameworks */ = {
			isa = PBXFrameworksBuildPhase;
			buildActionMask = 2147483647;
			files = (
				C92C2973D24C9973E2A6D33C /* Pods_hybrid_ios.framework in Frameworks */,
			);
			runOnlyForDeploymentPostprocessing = 0;
		};
/* End PBXFrameworksBuildPhase section */

/* Begin PBXGroup section */
		4B3C17C913AEE18D3EB877AF /* Pods */ = {
			isa = PBXGroup;
			children = (
				AE7E219098C61FA358360518 /* Pods-hybrid-ios.debug.xcconfig */,
				5DD00D6C8F815B711B8B2AE0 /* Pods-hybrid-ios.release.xcconfig */,
			);
			path = Pods;
			sourceTree = "<group>";
		};
		62F470E221B87FC4002D73D0 = {
			isa = PBXGroup;
			children = (
				62F470ED21B87FC4002D73D0 /* hybrid-ios */,
				62F470EC21B87FC4002D73D0 /* Products */,
				4B3C17C913AEE18D3EB877AF /* Pods */,
				B3C54ED40735A0380BA4F806 /* Frameworks */,
			);
			sourceTree = "<group>";
		};
		62F470EC21B87FC4002D73D0 /* Products */ = {
			isa = PBXGroup;
			children = (
				62F470EB21B87FC4002D73D0 /* hybrid-ios.app */,
			);
			name = Products;
			sourceTree = "<group>";
		};
		62F470ED21B87FC4002D73D0 /* hybrid-ios */ = {
			isa = PBXGroup;
			children = (
				62F470EE21B87FC4002D73D0 /* AppDelegate.swift */,
				62F470F021B87FC4002D73D0 /* ViewController.swift */,
				62F470F521B87FC4002D73D0 /* Assets.xcassets */,
				62F470F721B87FC4002D73D0 /* LaunchScreen.storyboard */,
				62F470FA21B87FC4002D73D0 /* Info.plist */,
			);
			path = "hybrid-ios";
			sourceTree = "<group>";
		};
		B3C54ED40735A0380BA4F806 /* Frameworks */ = {
			isa = PBXGroup;
			children = (
				6DDEA713FF59C111BE36CC06 /* Pods_hybrid_ios.framework */,
			);
			name = Frameworks;
			sourceTree = "<group>";
		};
/* End PBXGroup section */

/* Begin PBXNativeTarget section */
		62F470EA21B87FC4002D73D0 /* hybrid-ios */ = {
			isa = PBXNativeTarget;
			buildConfigurationList = 62F470FD21B87FC4002D73D0 /* Build configuration list for PBXNativeTarget "hybrid-ios" */;
			buildPhases = (
				F7FE2BCD5751EE8BFB9126A6 /* [CP] Check Pods Manifest.lock */,
				62084F9F21BFDBD500D3BF22 /* Flutter Run Script */,
				62F470E721B87FC4002D73D0 /* Sources */,
				62F470E821B87FC4002D73D0 /* Frameworks */,
				62F470E921B87FC4002D73D0 /* Resources */,
				F0CFDAB4391F675D882BA6F2 /* [CP] Embed Pods Frameworks */,
			);
			buildRules = (
			);
			dependencies = (
			);
			name = "hybrid-ios";
			productName = "hybrid-ios";
			productReference = 62F470EB21B87FC4002D73D0 /* hybrid-ios.app */;
			productType = "com.apple.product-type.application";
		};
/* End PBXNativeTarget section */

/* Begin PBXProject section */
		62F470E321B87FC4002D73D0 /* Project object */ = {
			isa = PBXProject;
			attributes = {
				LastSwiftUpdateCheck = 1010;
				LastUpgradeCheck = 1010;
				ORGANIZATIONNAME = "Elshad Yarmetov";
				TargetAttributes = {
					62F470EA21B87FC4002D73D0 = {
						CreatedOnToolsVersion = 10.1;
					};
				};
			};
			buildConfigurationList = 62F470E621B87FC4002D73D0 /* Build configuration list for PBXProject "hybrid-ios" */;
			compatibilityVersion = "Xcode 9.3";
			developmentRegion = en;
			hasScannedForEncodings = 0;
			knownRegions = (
				en,
				Base,
			);
			mainGroup = 62F470E221B87FC4002D73D0;
			productRefGroup = 62F470EC21B87FC4002D73D0 /* Products */;
			projectDirPath = "";
			projectRoot = "";
			targets = (
				62F470EA21B87FC4002D73D0 /* hybrid-ios */,
			);
		};
/* End PBXProject section */

/* Begin PBXResourcesBuildPhase section */
		62F470E921B87FC4002D73D0 /* Resources */ = {
			isa = PBXResourcesBuildPhase;
			buildActionMask = 2147483647;
			files = (
				62F470F921B87FC4002D73D0 /* LaunchScreen.storyboard in Resources */,
				62F470F621B87FC4002D73D0 /* Assets.xcassets in Resources */,
			);
			runOnlyForDeploymentPostprocessing = 0;
		};
/* End PBXResourcesBuildPhase section */

/* Begin PBXShellScriptBuildPhase section */
		62084F9F21BFDBD500D3BF22 /* Flutter Run Script */ = {
			isa = PBXShellScriptBuildPhase;
			buildActionMask = 2147483647;
			files = (
			);
			inputFileListPaths = (
			);
			inputPaths = (
			);
			name = "Flutter Run Script";
			outputFileListPaths = (
			);
			outputPaths = (
			);
			runOnlyForDeploymentPostprocessing = 0;
			shellPath = /bin/sh;
			shellScript = "# Type a script or drag a script file from your workspace to insert its path.\n\"$FLUTTER_ROOT/packages/flutter_tools/bin/xcode_backend.sh\" build\n\"$FLUTTER_ROOT/packages/flutter_tools/bin/xcode_backend.sh\" embed\n";
		};
		F0CFDAB4391F675D882BA6F2 /* [CP] Embed Pods Frameworks */ = {
			isa = PBXShellScriptBuildPhase;
			buildActionMask = 2147483647;
			files = (
			);
			inputFileListPaths = (
			);
			inputPaths = (
				"${PODS_ROOT}/Target Support Files/Pods-hybrid-ios/Pods-hybrid-ios-frameworks.sh",
				"${PODS_ROOT}/../../fluttershared/.ios/Flutter/engine/Flutter.framework",
				"${BUILT_PRODUCTS_DIR}/FlutterPluginRegistrant/FlutterPluginRegistrant.framework",
			);
			name = "[CP] Embed Pods Frameworks";
			outputFileListPaths = (
			);
			outputPaths = (
				"${TARGET_BUILD_DIR}/${FRAMEWORKS_FOLDER_PATH}/Flutter.framework",
				"${TARGET_BUILD_DIR}/${FRAMEWORKS_FOLDER_PATH}/FlutterPluginRegistrant.framework",
			);
			runOnlyForDeploymentPostprocessing = 0;
			shellPath = /bin/sh;
			shellScript = "\"${PODS_ROOT}/Target Support Files/Pods-hybrid-ios/Pods-hybrid-ios-frameworks.sh\"\n";
			showEnvVarsInLog = 0;
		};
		F7FE2BCD5751EE8BFB9126A6 /* [CP] Check Pods Manifest.lock */ = {
			isa = PBXShellScriptBuildPhase;
			buildActionMask = 2147483647;
			files = (
			);
			inputFileListPaths = (
			);
			inputPaths = (
				"${PODS_PODFILE_DIR_PATH}/Podfile.lock",
				"${PODS_ROOT}/Manifest.lock",
			);
			name = "[CP] Check Pods Manifest.lock";
			outputFileListPaths = (
			);
			outputPaths = (
				"$(DERIVED_FILE_DIR)/Pods-hybrid-ios-checkManifestLockResult.txt",
			);
			runOnlyForDeploymentPostprocessing = 0;
			shellPath = /bin/sh;
			shellScript = "diff \"${PODS_PODFILE_DIR_PATH}/Podfile.lock\" \"${PODS_ROOT}/Manifest.lock\" > /dev/null\nif [ $? != 0 ] ; then\n    # print error to STDERR\n    echo \"error: The sandbox is not in sync with the Podfile.lock. Run 'pod install' or update your CocoaPods installation.\" >&2\n    exit 1\nfi\n# This output is used by Xcode 'outputs' to avoid re-running this script phase.\necho \"SUCCESS\" > \"${SCRIPT_OUTPUT_FILE_0}\"\n";
			showEnvVarsInLog = 0;
		};
/* End PBXShellScriptBuildPhase section */

/* Begin PBXSourcesBuildPhase section */
		62F470E721B87FC4002D73D0 /* Sources */ = {
			isa = PBXSourcesBuildPhase;
			buildActionMask = 2147483647;
			files = (
				62F470F121B87FC4002D73D0 /* ViewController.swift in Sources */,
				62F470EF21B87FC4002D73D0 /* AppDelegate.swift in Sources */,
			);
			runOnlyForDeploymentPostprocessing = 0;
		};
/* End PBXSourcesBuildPhase section */

/* Begin PBXVariantGroup section */
		62F470F721B87FC4002D73D0 /* LaunchScreen.storyboard */ = {
			isa = PBXVariantGroup;
			children = (
				62F470F821B87FC4002D73D0 /* Base */,
			);
			name = LaunchScreen.storyboard;
			sourceTree = "<group>";
		};
/* End PBXVariantGroup section */

/* Begin XCBuildConfiguration section */
		62F470FB21B87FC4002D73D0 /* Debug */ = {
			isa = XCBuildConfiguration;
			buildSettings = {
				ALWAYS_SEARCH_USER_PATHS = NO;
				CLANG_ANALYZER_NONNULL = YES;
				CLANG_ANALYZER_NUMBER_OBJECT_CONVERSION = YES_AGGRESSIVE;
				CLANG_CXX_LANGUAGE_STANDARD = "gnu++14";
				CLANG_CXX_LIBRARY = "libc++";
				CLANG_ENABLE_MODULES = YES;
				CLANG_ENABLE_OBJC_ARC = YES;
				CLANG_ENABLE_OBJC_WEAK = YES;
				CLANG_WARN_BLOCK_CAPTURE_AUTORELEASING = YES;
				CLANG_WARN_BOOL_CONVERSION = YES;
				CLANG_WARN_COMMA = YES;
				CLANG_WARN_CONSTANT_CONVERSION = YES;
				CLANG_WARN_DEPRECATED_OBJC_IMPLEMENTATIONS = YES;
				CLANG_WARN_DIRECT_OBJC_ISA_USAGE = YES_ERROR;
				CLANG_WARN_DOCUMENTATION_COMMENTS = YES;
				CLANG_WARN_EMPTY_BODY = YES;
				CLANG_WARN_ENUM_CONVERSION = YES;
				CLANG_WARN_INFINITE_RECURSION = YES;
				CLANG_WARN_INT_CONVERSION = YES;
				CLANG_WARN_NON_LITERAL_NULL_CONVERSION = YES;
				CLANG_WARN_OBJC_IMPLICIT_RETAIN_SELF = YES;
				CLANG_WARN_OBJC_LITERAL_CONVERSION = YES;
				CLANG_WARN_OBJC_ROOT_CLASS = YES_ERROR;
				CLANG_WARN_RANGE_LOOP_ANALYSIS = YES;
				CLANG_WARN_STRICT_PROTOTYPES = YES;
				CLANG_WARN_SUSPICIOUS_MOVE = YES;
				CLANG_WARN_UNGUARDED_AVAILABILITY = YES_AGGRESSIVE;
				CLANG_WARN_UNREACHABLE_CODE = YES;
				CLANG_WARN__DUPLICATE_METHOD_MATCH = YES;
				CODE_SIGN_IDENTITY = "iPhone Developer";
				COPY_PHASE_STRIP = NO;
				DEBUG_INFORMATION_FORMAT = dwarf;
				ENABLE_STRICT_OBJC_MSGSEND = YES;
				ENABLE_TESTABILITY = YES;
				GCC_C_LANGUAGE_STANDARD = gnu11;
				GCC_DYNAMIC_NO_PIC = NO;
				GCC_NO_COMMON_BLOCKS = YES;
				GCC_OPTIMIZATION_LEVEL = 0;
				GCC_PREPROCESSOR_DEFINITIONS = (
					"DEBUG=1",
					"$(inherited)",
				);
				GCC_WARN_64_TO_32_BIT_CONVERSION = YES;
				GCC_WARN_ABOUT_RETURN_TYPE = YES_ERROR;
				GCC_WARN_UNDECLARED_SELECTOR = YES;
				GCC_WARN_UNINITIALIZED_AUTOS = YES_AGGRESSIVE;
				GCC_WARN_UNUSED_FUNCTION = YES;
				GCC_WARN_UNUSED_VARIABLE = YES;
				IPHONEOS_DEPLOYMENT_TARGET = 12.1;
				MTL_ENABLE_DEBUG_INFO = INCLUDE_SOURCE;
				MTL_FAST_MATH = YES;
				ONLY_ACTIVE_ARCH = YES;
				SDKROOT = iphoneos;
				SWIFT_ACTIVE_COMPILATION_CONDITIONS = DEBUG;
				SWIFT_OPTIMIZATION_LEVEL = "-Onone";
			};
			name = Debug;
		};
		62F470FC21B87FC4002D73D0 /* Release */ = {
			isa = XCBuildConfiguration;
			buildSettings = {
				ALWAYS_SEARCH_USER_PATHS = NO;
				CLANG_ANALYZER_NONNULL = YES;
				CLANG_ANALYZER_NUMBER_OBJECT_CONVERSION = YES_AGGRESSIVE;
				CLANG_CXX_LANGUAGE_STANDARD = "gnu++14";
				CLANG_CXX_LIBRARY = "libc++";
				CLANG_ENABLE_MODULES = YES;
				CLANG_ENABLE_OBJC_ARC = YES;
				CLANG_ENABLE_OBJC_WEAK = YES;
				CLANG_WARN_BLOCK_CAPTURE_AUTORELEASING = YES;
				CLANG_WARN_BOOL_CONVERSION = YES;
				CLANG_WARN_COMMA = YES;
				CLANG_WARN_CONSTANT_CONVERSION = YES;
				CLANG_WARN_DEPRECATED_OBJC_IMPLEMENTATIONS = YES;
				CLANG_WARN_DIRECT_OBJC_ISA_USAGE = YES_ERROR;
				CLANG_WARN_DOCUMENTATION_COMMENTS = YES;
				CLANG_WARN_EMPTY_BODY = YES;
				CLANG_WARN_ENUM_CONVERSION = YES;
				CLANG_WARN_INFINITE_RECURSION = YES;
				CLANG_WARN_INT_CONVERSION = YES;
				CLANG_WARN_NON_LITERAL_NULL_CONVERSION = YES;
				CLANG_WARN_OBJC_IMPLICIT_RETAIN_SELF = YES;
				CLANG_WARN_OBJC_LITERAL_CONVERSION = YES;
				CLANG_WARN_OBJC_ROOT_CLASS = YES_ERROR;
				CLANG_WARN_RANGE_LOOP_ANALYSIS = YES;
				CLANG_WARN_STRICT_PROTOTYPES = YES;
				CLANG_WARN_SUSPICIOUS_MOVE = YES;
				CLANG_WARN_UNGUARDED_AVAILABILITY = YES_AGGRESSIVE;
				CLANG_WARN_UNREACHABLE_CODE = YES;
				CLANG_WARN__DUPLICATE_METHOD_MATCH = YES;
				CODE_SIGN_IDENTITY = "iPhone Developer";
				COPY_PHASE_STRIP = NO;
				DEBUG_INFORMATION_FORMAT = "dwarf-with-dsym";
				ENABLE_NS_ASSERTIONS = NO;
				ENABLE_STRICT_OBJC_MSGSEND = YES;
				GCC_C_LANGUAGE_STANDARD = gnu11;
				GCC_NO_COMMON_BLOCKS = YES;
				GCC_WARN_64_TO_32_BIT_CONVERSION = YES;
				GCC_WARN_ABOUT_RETURN_TYPE = YES_ERROR;
				GCC_WARN_UNDECLARED_SELECTOR = YES;
				GCC_WARN_UNINITIALIZED_AUTOS = YES_AGGRESSIVE;
				GCC_WARN_UNUSED_FUNCTION = YES;
				GCC_WARN_UNUSED_VARIABLE = YES;
				IPHONEOS_DEPLOYMENT_TARGET = 12.1;
				MTL_ENABLE_DEBUG_INFO = NO;
				MTL_FAST_MATH = YES;
				SDKROOT = iphoneos;
				SWIFT_COMPILATION_MODE = wholemodule;
				SWIFT_OPTIMIZATION_LEVEL = "-O";
				VALIDATE_PRODUCT = YES;
			};
			name = Release;
		};
		62F470FE21B87FC4002D73D0 /* Debug */ = {
			isa = XCBuildConfiguration;
			baseConfigurationReference = AE7E219098C61FA358360518 /* Pods-hybrid-ios.debug.xcconfig */;
			buildSettings = {
				ASSETCATALOG_COMPILER_APPICON_NAME = AppIcon;
				CODE_SIGN_STYLE = Automatic;
				DEVELOPMENT_TEAM = MP6ML4FK47;
				ENABLE_BITCODE = YES;
				FLUTTER_ROOT = /Users/aznix/Development/SDKs/FlutterSDK_1.0.0;
				INFOPLIST_FILE = "hybrid-ios/Info.plist";
				LD_RUNPATH_SEARCH_PATHS = (
					"$(inherited)",
					"@executable_path/Frameworks",
				);
				PRODUCT_BUNDLE_IDENTIFIER = "elshad.yarmetov.hybrid-ios";
				PRODUCT_NAME = "$(TARGET_NAME)";
				SWIFT_VERSION = 4.2;
				TARGETED_DEVICE_FAMILY = "1,2";
			};
			name = Debug;
		};
		62F470FF21B87FC4002D73D0 /* Release */ = {
			isa = XCBuildConfiguration;
			baseConfigurationReference = 5DD00D6C8F815B711B8B2AE0 /* Pods-hybrid-ios.release.xcconfig */;
			buildSettings = {
				ASSETCATALOG_COMPILER_APPICON_NAME = AppIcon;
				CODE_SIGN_STYLE = Automatic;
				DEVELOPMENT_TEAM = MP6ML4FK47;
				ENABLE_BITCODE = YES;
				FLUTTER_ROOT = /Users/aznix/Development/SDKs/FlutterSDK_1.0.0;
				INFOPLIST_FILE = "hybrid-ios/Info.plist";
				LD_RUNPATH_SEARCH_PATHS = (
					"$(inherited)",
					"@executable_path/Frameworks",
				);
				PRODUCT_BUNDLE_IDENTIFIER = "elshad.yarmetov.hybrid-ios";
				PRODUCT_NAME = "$(TARGET_NAME)";
				SWIFT_VERSION = 4.2;
				TARGETED_DEVICE_FAMILY = "1,2";
			};
			name = Release;
		};
/* End XCBuildConfiguration section */

/* Begin XCConfigurationList section */
		62F470E621B87FC4002D73D0 /* Build configuration list for PBXProject "hybrid-ios" */ = {
			isa = XCConfigurationList;
			buildConfigurations = (
				62F470FB21B87FC4002D73D0 /* Debug */,
				62F470FC21B87FC4002D73D0 /* Release */,
			);
			defaultConfigurationIsVisible = 0;
			defaultConfigurationName = Release;
		};
		62F470FD21B87FC4002D73D0 /* Build configuration list for PBXNativeTarget "hybrid-ios" */ = {
			isa = XCConfigurationList;
			buildConfigurations = (
				62F470FE21B87FC4002D73D0 /* Debug */,
				62F470FF21B87FC4002D73D0 /* Release */,
			);
			defaultConfigurationIsVisible = 0;
			defaultConfigurationName = Release;
		};
/* End XCConfigurationList section */
	};
	rootObject = 62F470E321B87FC4002D73D0 /* Project object */;
}
